
Microsoft Visual Studio Solution File, Format Version 12.00
# Visual Studio Version 17
VisualStudioVersion = 17.13.35825.156 d17.13
MinimumVisualStudioVersion = 10.0.40219.1
Project("{FAE04EC0-301F-11D3-BF4B-00C04F79EFBC}") = "AutoSalonSystem", "AutoSalonSystem\AutoSalonSystem.csproj", "{61D5AD66-7CAA-42E6-B643-28A848786F7A}"
EndProject
Global
	GlobalSection(SolutionConfigurationPlatforms) = preSolution
		Debug|Any CPU = Debug|Any CPU
		Release|Any CPU = Release|Any CPU
	EndGlobalSection
	GlobalSection(ProjectConfigurationPlatforms) = postSolution
		{61D5AD66-7CAA-42E6-B643-28A848786F7A}.Debug|Any CPU.ActiveCfg = Debug|Any CPU
		{61D5AD66-7CAA-42E6-B643-28A848786F7A}.Debug|Any CPU.Build.0 = Debug|Any CPU
		{61D5AD66-7CAA-42E6-B643-28A848786F7A}.Release|Any CPU.ActiveCfg = Release|Any CPU
		{61D5AD66-7CAA-42E6-B643-28A848786F7A}.Release|Any CPU.Build.0 = Release|Any CPU
	EndGlobalSection
	GlobalSection(SolutionProperties) = preSolution
		HideSolutionNode = FALSE
	EndGlobalSection
	GlobalSection(ExtensibilityGlobals) = postSolution
		SolutionGuid = {CE8E65C2-F901-4B9E-A9CE-7EBF0D278E97}
	EndGlobalSection
EndGlobal
